
Microsoft Visual Studio Solution File, Format Version 12.00
# Visual Studio Version 16
VisualStudioVersion = 16.0.808.4
MinimumVisualStudioVersion = 10.0.40219.1
Project("{FAE04EC0-301F-11D3-BF4B-00C04F79EFBC}") = "ToDoApp", "ToDoApp.csproj", "{BC7E7D8F-CA36-4B6A-B462-A5FB97A8E9E1}"
EndProject
Global
	GlobalSection(SolutionConfigurationPlatforms) = preSolution
		Debug|Any CPU = Debug|Any CPU
		Release|Any CPU = Release|Any CPU
	EndGlobalSection
	GlobalSection(ProjectConfigurationPlatforms) = postSolution
		{BC7E7D8F-CA36-4B6A-B462-A5FB97A8E9E1}.Debug|Any CPU.ActiveCfg = Debug|Any CPU
		{BC7E7D8F-CA36-4B6A-B462-A5FB97A8E9E1}.Debug|Any CPU.Build.0 = Debug|Any CPU
		{BC7E7D8F-CA36-4B6A-B462-A5FB97A8E9E1}.Release|Any CPU.ActiveCfg = Release|Any CPU
		{BC7E7D8F-CA36-4B6A-B462-A5FB97A8E9E1}.Release|Any CPU.Build.0 = Release|Any CPU
	EndGlobalSection
	GlobalSection(SolutionProperties) = preSolution
		HideSolutionNode = FALSE
	EndGlobalSection
	GlobalSection(ExtensibilityGlobals) = postSolution
		SolutionGuid = {A202F351-CA26-4E32-B1F7-953DE4297444}
	EndGlobalSection
EndGlobal
